// !$*UTF8*$!
{
	archiveVersion = 1;
	classes = {
	};
	objectVersion = 46;
	objects = {

/* Begin PBXBuildFile section */
		13A55885CF4F45DABBB9E2BC /* libPods.a in Frameworks */ = {isa = PBXBuildFile; fileRef = D368D77C93A7427A852626F5 /* libPods.a */; };
		3F42343518E8C451007213B5 /* invisible.png in Resources */ = {isa = PBXBuildFile; fileRef = 3F42343418E8C451007213B5 /* invisible.png */; };
		3F42343718E8C482007213B5 /* woosh2.caf in Resources */ = {isa = PBXBuildFile; fileRef = 3F42343618E8C482007213B5 /* woosh2.caf */; };
		3F42343918E8C48C007213B5 /* background-music-aac.caf in Resources */ = {isa = PBXBuildFile; fileRef = 3F42343818E8C48C007213B5 /* background-music-aac.caf */; };
		3F42441519172E6E00C8BEE4 /* hurdle.png in Resources */ = {isa = PBXBuildFile; fileRef = 3F42441419172E6E00C8BEE4 /* hurdle.png */; };
		3FA5D44D1919B9960033EDF1 /* background.png in Resources */ = {isa = PBXBuildFile; fileRef = 3FA5D44B1919B9960033EDF1 /* background.png */; };
		3FA5D44E1919B9960033EDF1 /* mountain.png in Resources */ = {isa = PBXBuildFile; fileRef = 3FA5D44C1919B9960033EDF1 /* mountain.png */; };
		3FAC04011919C724003FFE52 /* grass2@2x.png in Resources */ = {isa = PBXBuildFile; fileRef = 3FAC04001919C724003FFE52 /* grass2@2x.png */; };
		3FAC0403191B121C003FFE52 /* NinjaImages.atlas in Resources */ = {isa = PBXBuildFile; fileRef = 3FAC0402191B121C003FFE52 /* NinjaImages.atlas */; };
		3FC55A3819171404006DAA41 /* templeLayer1@2x.png in Resources */ = {isa = PBXBuildFile; fileRef = 3FC55A3619171404006DAA41 /* templeLayer1@2x.png */; };
		3FC55A3919171404006DAA41 /* templeLayer2@2x.png in Resources */ = {isa = PBXBuildFile; fileRef = 3FC55A3719171404006DAA41 /* templeLayer2@2x.png */; };
		3FC55A3F19172A3D006DAA41 /* NinjaJumpImages.atlas in Resources */ = {isa = PBXBuildFile; fileRef = 3FC55A3E19172A3D006DAA41 /* NinjaJumpImages.atlas */; };
		840C790C18E6AFD400B4FFD1 /* SSHistoryViewController.m in Sources */ = {isa = PBXBuildFile; fileRef = 840C790A18E6AFD400B4FFD1 /* SSHistoryViewController.m */; };
		840C790D18E6AFD400B4FFD1 /* SSHistoryViewController.xib in Resources */ = {isa = PBXBuildFile; fileRef = 840C790B18E6AFD400B4FFD1 /* SSHistoryViewController.xib */; };
		848C340418E699AD00CA1DD1 /* Foundation.framework in Frameworks */ = {isa = PBXBuildFile; fileRef = 848C340318E699AD00CA1DD1 /* Foundation.framework */; };
		848C340618E699AD00CA1DD1 /* CoreGraphics.framework in Frameworks */ = {isa = PBXBuildFile; fileRef = 848C340518E699AD00CA1DD1 /* CoreGraphics.framework */; };
		848C340818E699AD00CA1DD1 /* UIKit.framework in Frameworks */ = {isa = PBXBuildFile; fileRef = 848C340718E699AD00CA1DD1 /* UIKit.framework */; };
		848C340E18E699AD00CA1DD1 /* InfoPlist.strings in Resources */ = {isa = PBXBuildFile; fileRef = 848C340C18E699AD00CA1DD1 /* InfoPlist.strings */; };
		848C341018E699AD00CA1DD1 /* main.m in Sources */ = {isa = PBXBuildFile; fileRef = 848C340F18E699AD00CA1DD1 /* main.m */; };
		848C341418E699AD00CA1DD1 /* SSAppDelegate.m in Sources */ = {isa = PBXBuildFile; fileRef = 848C341318E699AD00CA1DD1 /* SSAppDelegate.m */; };
		848C341618E699AD00CA1DD1 /* Images.xcassets in Resources */ = {isa = PBXBuildFile; fileRef = 848C341518E699AD00CA1DD1 /* Images.xcassets */; };
		848C341D18E699AD00CA1DD1 /* XCTest.framework in Frameworks */ = {isa = PBXBuildFile; fileRef = 848C341C18E699AD00CA1DD1 /* XCTest.framework */; };
		848C341E18E699AD00CA1DD1 /* Foundation.framework in Frameworks */ = {isa = PBXBuildFile; fileRef = 848C340318E699AD00CA1DD1 /* Foundation.framework */; };
		848C341F18E699AD00CA1DD1 /* UIKit.framework in Frameworks */ = {isa = PBXBuildFile; fileRef = 848C340718E699AD00CA1DD1 /* UIKit.framework */; };
		848C342718E699AD00CA1DD1 /* InfoPlist.strings in Resources */ = {isa = PBXBuildFile; fileRef = 848C342518E699AD00CA1DD1 /* InfoPlist.strings */; };
		848C342918E699AD00CA1DD1 /* SmartSolesTests.m in Sources */ = {isa = PBXBuildFile; fileRef = 848C342818E699AD00CA1DD1 /* SmartSolesTests.m */; };
		84EE389F18E74CC60094C355 /* FacebookSDK.framework in Frameworks */ = {isa = PBXBuildFile; fileRef = 84EE389E18E74CC60094C355 /* FacebookSDK.framework */; };
		84EE38A418E750CE0094C355 /* SSConnectViewController.m in Sources */ = {isa = PBXBuildFile; fileRef = 84EE38A218E750CE0094C355 /* SSConnectViewController.m */; };
		84EE38A518E750CE0094C355 /* SSConnectViewController.xib in Resources */ = {isa = PBXBuildFile; fileRef = 84EE38A318E750CE0094C355 /* SSConnectViewController.xib */; };
		84EE38AA18E75C130094C355 /* BLE.m in Sources */ = {isa = PBXBuildFile; fileRef = 84EE38A818E75C130094C355 /* BLE.m */; };
		84EE38B118E76DBD0094C355 /* SmartSolesModel.xcdatamodeld in Sources */ = {isa = PBXBuildFile; fileRef = 84EE38AF18E76DBD0094C355 /* SmartSolesModel.xcdatamodeld */; };
		84EE38B518E77B640094C355 /* SSSession.m in Sources */ = {isa = PBXBuildFile; fileRef = 84EE38B418E77B640094C355 /* SSSession.m */; };
		84EE38B818E7804B0094C355 /* Activity.m in Sources */ = {isa = PBXBuildFile; fileRef = 84EE38B718E7804B0094C355 /* Activity.m */; };
		84EE38BB18E7804B0094C355 /* User.m in Sources */ = {isa = PBXBuildFile; fileRef = 84EE38BA18E7804B0094C355 /* User.m */; };
		84EE38BE18E781DE0094C355 /* Activity+Utility.m in Sources */ = {isa = PBXBuildFile; fileRef = 84EE38BD18E781DE0094C355 /* Activity+Utility.m */; };
		84EE38C118E784DA0094C355 /* User+Utility.m in Sources */ = {isa = PBXBuildFile; fileRef = 84EE38C018E784DA0094C355 /* User+Utility.m */; };
		84EE38C418E78CAA0094C355 /* SSAppDelegate+MOC.m in Sources */ = {isa = PBXBuildFile; fileRef = 84EE38C318E78CAA0094C355 /* SSAppDelegate+MOC.m */; };
		84EE38C718E7976F0094C355 /* SSDataFormulationAndSave.m in Sources */ = {isa = PBXBuildFile; fileRef = 84EE38C618E7976F0094C355 /* SSDataFormulationAndSave.m */; };
		84EE391918E7D0270094C355 /* SpriteKit.framework in Frameworks */ = {isa = PBXBuildFile; fileRef = 84EE391818E7D0270094C355 /* SpriteKit.framework */; };
		84EE391E18E7D3040094C355 /* SSGameViewController.m in Sources */ = {isa = PBXBuildFile; fileRef = 84EE391C18E7D3040094C355 /* SSGameViewController.m */; };
		84EE391F18E7D3040094C355 /* SSGameViewController.xib in Resources */ = {isa = PBXBuildFile; fileRef = 84EE391D18E7D3040094C355 /* SSGameViewController.xib */; };
		84EE392218E7D3960094C355 /* SSMyScene.m in Sources */ = {isa = PBXBuildFile; fileRef = 84EE392118E7D3960094C355 /* SSMyScene.m */; };
		84EE392818E7D59C0094C355 /* background-music-aac.caf in Resources */ = {isa = PBXBuildFile; fileRef = 84EE392518E7D59C0094C355 /* background-music-aac.caf */; };
		84EE392918E7D59C0094C355 /* pew-pew-lei.caf in Resources */ = {isa = PBXBuildFile; fileRef = 84EE392618E7D59C0094C355 /* pew-pew-lei.caf */; };
		84EE392A18E7D59C0094C355 /* sprites.atlas in Resources */ = {isa = PBXBuildFile; fileRef = 84EE392718E7D59C0094C355 /* sprites.atlas */; };
		84EE392E18E7E24A0094C355 /* welcomeScreen1.png in Resources */ = {isa = PBXBuildFile; fileRef = 84EE392D18E7E24A0094C355 /* welcomeScreen1.png */; };
		84EE393018E7E5150094C355 /* splashScreenBackground.png in Resources */ = {isa = PBXBuildFile; fileRef = 84EE392F18E7E5150094C355 /* splashScreenBackground.png */; };
		84EE393518E876500094C355 /* SSHomeViewController.m in Sources */ = {isa = PBXBuildFile; fileRef = 84EE393318E876500094C355 /* SSHomeViewController.m */; };
		84EE393618E876510094C355 /* SSHomeViewController.xib in Resources */ = {isa = PBXBuildFile; fileRef = 84EE393418E876500094C355 /* SSHomeViewController.xib */; };
		84EE393818E878FB0094C355 /* avatars_alex.png in Resources */ = {isa = PBXBuildFile; fileRef = 84EE393718E878FB0094C355 /* avatars_alex.png */; };
		84EE393B18E879100094C355 /* avatars_brit copy.png in Resources */ = {isa = PBXBuildFile; fileRef = 84EE393918E879100094C355 /* avatars_brit copy.png */; };
		84EE393C18E879100094C355 /* avatars_Matt copy.png in Resources */ = {isa = PBXBuildFile; fileRef = 84EE393A18E879100094C355 /* avatars_Matt copy.png */; };
		84EE393E18E879260094C355 /* buttons.png in Resources */ = {isa = PBXBuildFile; fileRef = 84EE393D18E879260094C355 /* buttons.png */; };
		84EE394018E8793D0094C355 /* friendsScreen1.png in Resources */ = {isa = PBXBuildFile; fileRef = 84EE393F18E8793D0094C355 /* friendsScreen1.png */; };
		84EE394218E879690094C355 /* splashScreen1.png in Resources */ = {isa = PBXBuildFile; fileRef = 84EE394118E879690094C355 /* splashScreen1.png */; };
		84EE394418E8797D0094C355 /* welcomeScreen.png in Resources */ = {isa = PBXBuildFile; fileRef = 84EE394318E8797D0094C355 /* welcomeScreen.png */; };
		84EE394918E880CC0094C355 /* SSFriendsViewController.m in Sources */ = {isa = PBXBuildFile; fileRef = 84EE394718E880CC0094C355 /* SSFriendsViewController.m */; };
		84EE394A18E880CC0094C355 /* SSFriendsViewController.xib in Resources */ = {isa = PBXBuildFile; fileRef = 84EE394818E880CC0094C355 /* SSFriendsViewController.xib */; };
		84EE394E18E8A50B0094C355 /* ninja@2x.png in Resources */ = {isa = PBXBuildFile; fileRef = 84EE394D18E8A50B0094C355 /* ninja@2x.png */; };
		84EE395418E8B82D0094C355 /* challenge@2x.png in Resources */ = {isa = PBXBuildFile; fileRef = 84EE395318E8B82D0094C355 /* challenge@2x.png */; };
		84EE395618E8B83D0094C355 /* play@2x.png in Resources */ = {isa = PBXBuildFile; fileRef = 84EE395518E8B83D0094C355 /* play@2x.png */; };
		84EE395818E8B8470094C355 /* stats@2x.png in Resources */ = {isa = PBXBuildFile; fileRef = 84EE395718E8B8470094C355 /* stats@2x.png */; };
		84EE395A18E8B93A0094C355 /* connect@2x.png in Resources */ = {isa = PBXBuildFile; fileRef = 84EE395918E8B93A0094C355 /* connect@2x.png */; };
		84EE395C18E8BA630094C355 /* welcome.png in Resources */ = {isa = PBXBuildFile; fileRef = 84EE395B18E8BA630094C355 /* welcome.png */; };
		84EE395E18E8C0BE0094C355 /* logo@2x.png in Resources */ = {isa = PBXBuildFile; fileRef = 84EE395D18E8C0BE0094C355 /* logo@2x.png */; };
		84EE396018E8C70F0094C355 /* AppIcon.png in Resources */ = {isa = PBXBuildFile; fileRef = 84EE395F18E8C70F0094C355 /* AppIcon.png */; };
		8D077AC818E7F53F005F4740 /* SSGameOverScene.m in Sources */ = {isa = PBXBuildFile; fileRef = 8D077AC718E7F53F005F4740 /* SSGameOverScene.m */; };
		8D077ACB18E88DA3005F4740 /* SSScoreLabel.m in Sources */ = {isa = PBXBuildFile; fileRef = 8D077ACA18E88DA3005F4740 /* SSScoreLabel.m */; };
/* End PBXBuildFile section */

/* Begin PBXContainerItemProxy section */
		848C342018E699AD00CA1DD1 /* PBXContainerItemProxy */ = {
			isa = PBXContainerItemProxy;
			containerPortal = 848C33F818E699AD00CA1DD1 /* Project object */;
			proxyType = 1;
			remoteGlobalIDString = 848C33FF18E699AD00CA1DD1;
			remoteInfo = SmartSoles;
		};
/* End PBXContainerItemProxy section */

/* Begin PBXFileReference section */
		3F42343418E8C451007213B5 /* invisible.png */ = {isa = PBXFileReference; lastKnownFileType = image.png; path = invisible.png; sourceTree = "<group>"; };
		3F42343618E8C482007213B5 /* woosh2.caf */ = {isa = PBXFileReference; lastKnownFileType = file; path = woosh2.caf; sourceTree = "<group>"; };
		3F42343818E8C48C007213B5 /* background-music-aac.caf */ = {isa = PBXFileReference; lastKnownFileType = file; path = "background-music-aac.caf"; sourceTree = "<group>"; };
		3F42441419172E6E00C8BEE4 /* hurdle.png */ = {isa = PBXFileReference; lastKnownFileType = image.png; path = hurdle.png; sourceTree = "<group>"; };
		3FA5D44B1919B9960033EDF1 /* background.png */ = {isa = PBXFileReference; lastKnownFileType = image.png; path = background.png; sourceTree = "<group>"; };
		3FA5D44C1919B9960033EDF1 /* mountain.png */ = {isa = PBXFileReference; lastKnownFileType = image.png; path = mountain.png; sourceTree = "<group>"; };
		3FAC04001919C724003FFE52 /* grass2@2x.png */ = {isa = PBXFileReference; lastKnownFileType = image.png; path = "grass2@2x.png"; sourceTree = "<group>"; };
		3FAC0402191B121C003FFE52 /* NinjaImages.atlas */ = {isa = PBXFileReference; lastKnownFileType = folder.skatlas; path = NinjaImages.atlas; sourceTree = "<group>"; };
		3FC55A3619171404006DAA41 /* templeLayer1@2x.png */ = {isa = PBXFileReference; lastKnownFileType = image.png; path = "templeLayer1@2x.png"; sourceTree = "<group>"; };
		3FC55A3719171404006DAA41 /* templeLayer2@2x.png */ = {isa = PBXFileReference; lastKnownFileType = image.png; path = "templeLayer2@2x.png"; sourceTree = "<group>"; };
		3FC55A3E19172A3D006DAA41 /* NinjaJumpImages.atlas */ = {isa = PBXFileReference; lastKnownFileType = folder.skatlas; path = NinjaJumpImages.atlas; sourceTree = "<group>"; };
		840C790918E6AFD400B4FFD1 /* SSHistoryViewController.h */ = {isa = PBXFileReference; fileEncoding = 4; lastKnownFileType = sourcecode.c.h; path = SSHistoryViewController.h; sourceTree = "<group>"; };
		840C790A18E6AFD400B4FFD1 /* SSHistoryViewController.m */ = {isa = PBXFileReference; fileEncoding = 4; lastKnownFileType = sourcecode.c.objc; path = SSHistoryViewController.m; sourceTree = "<group>"; };
		840C790B18E6AFD400B4FFD1 /* SSHistoryViewController.xib */ = {isa = PBXFileReference; fileEncoding = 4; lastKnownFileType = file.xib; path = SSHistoryViewController.xib; sourceTree = "<group>"; };
		848C340018E699AD00CA1DD1 /* SmartSoles.app */ = {isa = PBXFileReference; explicitFileType = wrapper.application; includeInIndex = 0; path = SmartSoles.app; sourceTree = BUILT_PRODUCTS_DIR; };
		848C340318E699AD00CA1DD1 /* Foundation.framework */ = {isa = PBXFileReference; lastKnownFileType = wrapper.framework; name = Foundation.framework; path = System/Library/Frameworks/Foundation.framework; sourceTree = SDKROOT; };
		848C340518E699AD00CA1DD1 /* CoreGraphics.framework */ = {isa = PBXFileReference; lastKnownFileType = wrapper.framework; name = CoreGraphics.framework; path = System/Library/Frameworks/CoreGraphics.framework; sourceTree = SDKROOT; };
		848C340718E699AD00CA1DD1 /* UIKit.framework */ = {isa = PBXFileReference; lastKnownFileType = wrapper.framework; name = UIKit.framework; path = System/Library/Frameworks/UIKit.framework; sourceTree = SDKROOT; };
		848C340B18E699AD00CA1DD1 /* SmartSoles-Info.plist */ = {isa = PBXFileReference; lastKnownFileType = text.plist.xml; path = "SmartSoles-Info.plist"; sourceTree = "<group>"; };
		848C340D18E699AD00CA1DD1 /* en */ = {isa = PBXFileReference; lastKnownFileType = text.plist.strings; name = en; path = en.lproj/InfoPlist.strings; sourceTree = "<group>"; };
		848C340F18E699AD00CA1DD1 /* main.m */ = {isa = PBXFileReference; lastKnownFileType = sourcecode.c.objc; path = main.m; sourceTree = "<group>"; };
		848C341118E699AD00CA1DD1 /* SmartSoles-Prefix.pch */ = {isa = PBXFileReference; lastKnownFileType = sourcecode.c.h; path = "SmartSoles-Prefix.pch"; sourceTree = "<group>"; };
		848C341218E699AD00CA1DD1 /* SSAppDelegate.h */ = {isa = PBXFileReference; lastKnownFileType = sourcecode.c.h; path = SSAppDelegate.h; sourceTree = "<group>"; };
		848C341318E699AD00CA1DD1 /* SSAppDelegate.m */ = {isa = PBXFileReference; lastKnownFileType = sourcecode.c.objc; path = SSAppDelegate.m; sourceTree = "<group>"; };
		848C341518E699AD00CA1DD1 /* Images.xcassets */ = {isa = PBXFileReference; lastKnownFileType = folder.assetcatalog; path = Images.xcassets; sourceTree = "<group>"; };
		848C341B18E699AD00CA1DD1 /* SmartSolesTests.xctest */ = {isa = PBXFileReference; explicitFileType = wrapper.cfbundle; includeInIndex = 0; path = SmartSolesTests.xctest; sourceTree = BUILT_PRODUCTS_DIR; };
		848C341C18E699AD00CA1DD1 /* XCTest.framework */ = {isa = PBXFileReference; lastKnownFileType = wrapper.framework; name = XCTest.framework; path = Library/Frameworks/XCTest.framework; sourceTree = DEVELOPER_DIR; };
		848C342418E699AD00CA1DD1 /* SmartSolesTests-Info.plist */ = {isa = PBXFileReference; lastKnownFileType = text.plist.xml; path = "SmartSolesTests-Info.plist"; sourceTree = "<group>"; };
		848C342618E699AD00CA1DD1 /* en */ = {isa = PBXFileReference; lastKnownFileType = text.plist.strings; name = en; path = en.lproj/InfoPlist.strings; sourceTree = "<group>"; };
		848C342818E699AD00CA1DD1 /* SmartSolesTests.m */ = {isa = PBXFileReference; lastKnownFileType = sourcecode.c.objc; path = SmartSolesTests.m; sourceTree = "<group>"; };
		84EE389E18E74CC60094C355 /* FacebookSDK.framework */ = {isa = PBXFileReference; lastKnownFileType = wrapper.framework; path = FacebookSDK.framework; sourceTree = "<group>"; };
		84EE38A118E750CE0094C355 /* SSConnectViewController.h */ = {isa = PBXFileReference; fileEncoding = 4; lastKnownFileType = sourcecode.c.h; path = SSConnectViewController.h; sourceTree = "<group>"; };
		84EE38A218E750CE0094C355 /* SSConnectViewController.m */ = {isa = PBXFileReference; fileEncoding = 4; lastKnownFileType = sourcecode.c.objc; path = SSConnectViewController.m; sourceTree = "<group>"; };
		84EE38A318E750CE0094C355 /* SSConnectViewController.xib */ = {isa = PBXFileReference; fileEncoding = 4; lastKnownFileType = file.xib; path = SSConnectViewController.xib; sourceTree = "<group>"; };
		84EE38A718E75C130094C355 /* BLE.h */ = {isa = PBXFileReference; fileEncoding = 4; lastKnownFileType = sourcecode.c.h; path = BLE.h; sourceTree = "<group>"; };
		84EE38A818E75C130094C355 /* BLE.m */ = {isa = PBXFileReference; fileEncoding = 4; lastKnownFileType = sourcecode.c.objc; path = BLE.m; sourceTree = "<group>"; };
		84EE38A918E75C130094C355 /* BLEDefines.h */ = {isa = PBXFileReference; fileEncoding = 4; lastKnownFileType = sourcecode.c.h; path = BLEDefines.h; sourceTree = "<group>"; };
		84EE38B018E76DBD0094C355 /* SmartSolesModel.xcdatamodel */ = {isa = PBXFileReference; lastKnownFileType = wrapper.xcdatamodel; path = SmartSolesModel.xcdatamodel; sourceTree = "<group>"; };
		84EE38B318E77B640094C355 /* SSSession.h */ = {isa = PBXFileReference; fileEncoding = 4; lastKnownFileType = sourcecode.c.h; path = SSSession.h; sourceTree = "<group>"; };
		84EE38B418E77B640094C355 /* SSSession.m */ = {isa = PBXFileReference; fileEncoding = 4; lastKnownFileType = sourcecode.c.objc; path = SSSession.m; sourceTree = "<group>"; };
		84EE38B618E7804B0094C355 /* Activity.h */ = {isa = PBXFileReference; fileEncoding = 4; lastKnownFileType = sourcecode.c.h; path = Activity.h; sourceTree = "<group>"; };
		84EE38B718E7804B0094C355 /* Activity.m */ = {isa = PBXFileReference; fileEncoding = 4; lastKnownFileType = sourcecode.c.objc; path = Activity.m; sourceTree = "<group>"; };
		84EE38B918E7804B0094C355 /* User.h */ = {isa = PBXFileReference; fileEncoding = 4; lastKnownFileType = sourcecode.c.h; path = User.h; sourceTree = "<group>"; };
		84EE38BA18E7804B0094C355 /* User.m */ = {isa = PBXFileReference; fileEncoding = 4; lastKnownFileType = sourcecode.c.objc; path = User.m; sourceTree = "<group>"; };
		84EE38BC18E781DE0094C355 /* Activity+Utility.h */ = {isa = PBXFileReference; fileEncoding = 4; lastKnownFileType = sourcecode.c.h; path = "Activity+Utility.h"; sourceTree = "<group>"; };
		84EE38BD18E781DE0094C355 /* Activity+Utility.m */ = {isa = PBXFileReference; fileEncoding = 4; lastKnownFileType = sourcecode.c.objc; path = "Activity+Utility.m"; sourceTree = "<group>"; };
		84EE38BF18E784DA0094C355 /* User+Utility.h */ = {isa = PBXFileReference; fileEncoding = 4; lastKnownFileType = sourcecode.c.h; path = "User+Utility.h"; sourceTree = "<group>"; };
		84EE38C018E784DA0094C355 /* User+Utility.m */ = {isa = PBXFileReference; fileEncoding = 4; lastKnownFileType = sourcecode.c.objc; path = "User+Utility.m"; sourceTree = "<group>"; };
		84EE38C218E78CAA0094C355 /* SSAppDelegate+MOC.h */ = {isa = PBXFileReference; fileEncoding = 4; lastKnownFileType = sourcecode.c.h; path = "SSAppDelegate+MOC.h"; sourceTree = "<group>"; };
		84EE38C318E78CAA0094C355 /* SSAppDelegate+MOC.m */ = {isa = PBXFileReference; fileEncoding = 4; lastKnownFileType = sourcecode.c.objc; path = "SSAppDelegate+MOC.m"; sourceTree = "<group>"; };
		84EE38C518E7976F0094C355 /* SSDataFormulationAndSave.h */ = {isa = PBXFileReference; fileEncoding = 4; lastKnownFileType = sourcecode.c.h; path = SSDataFormulationAndSave.h; sourceTree = "<group>"; };
		84EE38C618E7976F0094C355 /* SSDataFormulationAndSave.m */ = {isa = PBXFileReference; fileEncoding = 4; lastKnownFileType = sourcecode.c.objc; path = SSDataFormulationAndSave.m; sourceTree = "<group>"; };
		84EE391818E7D0270094C355 /* SpriteKit.framework */ = {isa = PBXFileReference; lastKnownFileType = wrapper.framework; name = SpriteKit.framework; path = System/Library/Frameworks/SpriteKit.framework; sourceTree = SDKROOT; };
		84EE391B18E7D3040094C355 /* SSGameViewController.h */ = {isa = PBXFileReference; fileEncoding = 4; lastKnownFileType = sourcecode.c.h; path = SSGameViewController.h; sourceTree = "<group>"; };
		84EE391C18E7D3040094C355 /* SSGameViewController.m */ = {isa = PBXFileReference; fileEncoding = 4; lastKnownFileType = sourcecode.c.objc; path = SSGameViewController.m; sourceTree = "<group>"; };
		84EE391D18E7D3040094C355 /* SSGameViewController.xib */ = {isa = PBXFileReference; fileEncoding = 4; lastKnownFileType = file.xib; path = SSGameViewController.xib; sourceTree = "<group>"; };
		84EE392018E7D3960094C355 /* SSMyScene.h */ = {isa = PBXFileReference; fileEncoding = 4; lastKnownFileType = sourcecode.c.h; path = SSMyScene.h; sourceTree = "<group>"; };
		84EE392118E7D3960094C355 /* SSMyScene.m */ = {isa = PBXFileReference; fileEncoding = 4; lastKnownFileType = sourcecode.c.objc; path = SSMyScene.m; sourceTree = "<group>"; };
		84EE392518E7D59C0094C355 /* background-music-aac.caf */ = {isa = PBXFileReference; lastKnownFileType = file; path = "background-music-aac.caf"; sourceTree = "<group>"; };
		84EE392618E7D59C0094C355 /* pew-pew-lei.caf */ = {isa = PBXFileReference; lastKnownFileType = file; path = "pew-pew-lei.caf"; sourceTree = "<group>"; };
		84EE392718E7D59C0094C355 /* sprites.atlas */ = {isa = PBXFileReference; lastKnownFileType = folder.skatlas; path = sprites.atlas; sourceTree = "<group>"; };
		84EE392D18E7E24A0094C355 /* welcomeScreen1.png */ = {isa = PBXFileReference; lastKnownFileType = image.png; path = welcomeScreen1.png; sourceTree = "<group>"; };
		84EE392F18E7E5150094C355 /* splashScreenBackground.png */ = {isa = PBXFileReference; lastKnownFileType = image.png; path = splashScreenBackground.png; sourceTree = "<group>"; };
		84EE393218E876500094C355 /* SSHomeViewController.h */ = {isa = PBXFileReference; fileEncoding = 4; lastKnownFileType = sourcecode.c.h; path = SSHomeViewController.h; sourceTree = "<group>"; };
		84EE393318E876500094C355 /* SSHomeViewController.m */ = {isa = PBXFileReference; fileEncoding = 4; lastKnownFileType = sourcecode.c.objc; path = SSHomeViewController.m; sourceTree = "<group>"; };
		84EE393418E876500094C355 /* SSHomeViewController.xib */ = {isa = PBXFileReference; fileEncoding = 4; lastKnownFileType = file.xib; path = SSHomeViewController.xib; sourceTree = "<group>"; };
		84EE393718E878FB0094C355 /* avatars_alex.png */ = {isa = PBXFileReference; lastKnownFileType = image.png; path = avatars_alex.png; sourceTree = "<group>"; };
		84EE393918E879100094C355 /* avatars_brit copy.png */ = {isa = PBXFileReference; lastKnownFileType = image.png; path = "avatars_brit copy.png"; sourceTree = "<group>"; };
		84EE393A18E879100094C355 /* avatars_Matt copy.png */ = {isa = PBXFileReference; lastKnownFileType = image.png; path = "avatars_Matt copy.png"; sourceTree = "<group>"; };
		84EE393D18E879260094C355 /* buttons.png */ = {isa = PBXFileReference; lastKnownFileType = image.png; path = buttons.png; sourceTree = "<group>"; };
		84EE393F18E8793D0094C355 /* friendsScreen1.png */ = {isa = PBXFileReference; lastKnownFileType = image.png; path = friendsScreen1.png; sourceTree = "<group>"; };
		84EE394118E879690094C355 /* splashScreen1.png */ = {isa = PBXFileReference; lastKnownFileType = image.png; path = splashScreen1.png; sourceTree = "<group>"; };
		84EE394318E8797D0094C355 /* welcomeScreen.png */ = {isa = PBXFileReference; lastKnownFileType = image.png; path = welcomeScreen.png; sourceTree = "<group>"; };
		84EE394618E880CC0094C355 /* SSFriendsViewController.h */ = {isa = PBXFileReference; fileEncoding = 4; lastKnownFileType = sourcecode.c.h; path = SSFriendsViewController.h; sourceTree = "<group>"; };
		84EE394718E880CC0094C355 /* SSFriendsViewController.m */ = {isa = PBXFileReference; fileEncoding = 4; lastKnownFileType = sourcecode.c.objc; path = SSFriendsViewController.m; sourceTree = "<group>"; };
		84EE394818E880CC0094C355 /* SSFriendsViewController.xib */ = {isa = PBXFileReference; fileEncoding = 4; lastKnownFileType = file.xib; path = SSFriendsViewController.xib; sourceTree = "<group>"; };
		84EE394D18E8A50B0094C355 /* ninja@2x.png */ = {isa = PBXFileReference; lastKnownFileType = image.png; path = "ninja@2x.png"; sourceTree = "<group>"; };
		84EE395318E8B82D0094C355 /* challenge@2x.png */ = {isa = PBXFileReference; lastKnownFileType = image.png; path = "challenge@2x.png"; sourceTree = "<group>"; };
		84EE395518E8B83D0094C355 /* play@2x.png */ = {isa = PBXFileReference; lastKnownFileType = image.png; path = "play@2x.png"; sourceTree = "<group>"; };
		84EE395718E8B8470094C355 /* stats@2x.png */ = {isa = PBXFileReference; lastKnownFileType = image.png; path = "stats@2x.png"; sourceTree = "<group>"; };
		84EE395918E8B93A0094C355 /* connect@2x.png */ = {isa = PBXFileReference; lastKnownFileType = image.png; path = "connect@2x.png"; sourceTree = "<group>"; };
		84EE395B18E8BA630094C355 /* welcome.png */ = {isa = PBXFileReference; lastKnownFileType = image.png; path = welcome.png; sourceTree = "<group>"; };
		84EE395D18E8C0BE0094C355 /* logo@2x.png */ = {isa = PBXFileReference; lastKnownFileType = image.png; path = "logo@2x.png"; sourceTree = "<group>"; };
		84EE395F18E8C70F0094C355 /* AppIcon.png */ = {isa = PBXFileReference; lastKnownFileType = image.png; path = AppIcon.png; sourceTree = "<group>"; };
		8D077AC618E7F53F005F4740 /* SSGameOverScene.h */ = {isa = PBXFileReference; fileEncoding = 4; lastKnownFileType = sourcecode.c.h; path = SSGameOverScene.h; sourceTree = "<group>"; };
		8D077AC718E7F53F005F4740 /* SSGameOverScene.m */ = {isa = PBXFileReference; fileEncoding = 4; lastKnownFileType = sourcecode.c.objc; path = SSGameOverScene.m; sourceTree = "<group>"; };
		8D077AC918E88DA3005F4740 /* SSScoreLabel.h */ = {isa = PBXFileReference; fileEncoding = 4; lastKnownFileType = sourcecode.c.h; path = SSScoreLabel.h; sourceTree = "<group>"; };
		8D077ACA18E88DA3005F4740 /* SSScoreLabel.m */ = {isa = PBXFileReference; fileEncoding = 4; lastKnownFileType = sourcecode.c.objc; path = SSScoreLabel.m; sourceTree = "<group>"; };
		D368D77C93A7427A852626F5 /* libPods.a */ = {isa = PBXFileReference; explicitFileType = archive.ar; includeInIndex = 0; path = libPods.a; sourceTree = BUILT_PRODUCTS_DIR; };
		EECBCE80CD3A4407B8FEDF1E /* Pods.xcconfig */ = {isa = PBXFileReference; includeInIndex = 1; lastKnownFileType = text.xcconfig; name = Pods.xcconfig; path = Pods/Pods.xcconfig; sourceTree = "<group>"; };
/* End PBXFileReference section */

/* Begin PBXFrameworksBuildPhase section */
		848C33FD18E699AD00CA1DD1 /* Frameworks */ = {
			isa = PBXFrameworksBuildPhase;
			buildActionMask = 2147483647;
			files = (
				84EE391918E7D0270094C355 /* SpriteKit.framework in Frameworks */,
				848C340618E699AD00CA1DD1 /* CoreGraphics.framework in Frameworks */,
				84EE389F18E74CC60094C355 /* FacebookSDK.framework in Frameworks */,
				848C340818E699AD00CA1DD1 /* UIKit.framework in Frameworks */,
				848C340418E699AD00CA1DD1 /* Foundation.framework in Frameworks */,
				13A55885CF4F45DABBB9E2BC /* libPods.a in Frameworks */,
			);
			runOnlyForDeploymentPostprocessing = 0;
		};
		848C341818E699AD00CA1DD1 /* Frameworks */ = {
			isa = PBXFrameworksBuildPhase;
			buildActionMask = 2147483647;
			files = (
				848C341D18E699AD00CA1DD1 /* XCTest.framework in Frameworks */,
				848C341F18E699AD00CA1DD1 /* UIKit.framework in Frameworks */,
				848C341E18E699AD00CA1DD1 /* Foundation.framework in Frameworks */,
			);
			runOnlyForDeploymentPostprocessing = 0;
		};
/* End PBXFrameworksBuildPhase section */

/* Begin PBXGroup section */
		840C790818E6AFA200B4FFD1 /* HistoryScreen */ = {
			isa = PBXGroup;
			children = (
				840C790918E6AFD400B4FFD1 /* SSHistoryViewController.h */,
				840C790A18E6AFD400B4FFD1 /* SSHistoryViewController.m */,
				840C790B18E6AFD400B4FFD1 /* SSHistoryViewController.xib */,
			);
			name = HistoryScreen;
			sourceTree = "<group>";
		};
		848C33F718E699AD00CA1DD1 = {
			isa = PBXGroup;
			children = (
				848C340918E699AD00CA1DD1 /* SmartSoles */,
				848C342218E699AD00CA1DD1 /* SmartSolesTests */,
				848C340218E699AD00CA1DD1 /* Frameworks */,
				848C340118E699AD00CA1DD1 /* Products */,
				EECBCE80CD3A4407B8FEDF1E /* Pods.xcconfig */,
			);
			sourceTree = "<group>";
		};
		848C340118E699AD00CA1DD1 /* Products */ = {
			isa = PBXGroup;
			children = (
				848C340018E699AD00CA1DD1 /* SmartSoles.app */,
				848C341B18E699AD00CA1DD1 /* SmartSolesTests.xctest */,
			);
			name = Products;
			sourceTree = "<group>";
		};
		848C340218E699AD00CA1DD1 /* Frameworks */ = {
			isa = PBXGroup;
			children = (
				84EE391818E7D0270094C355 /* SpriteKit.framework */,
				84EE38A618E75C130094C355 /* BLE */,
				84EE389E18E74CC60094C355 /* FacebookSDK.framework */,
				848C340318E699AD00CA1DD1 /* Foundation.framework */,
				848C340518E699AD00CA1DD1 /* CoreGraphics.framework */,
				848C340718E699AD00CA1DD1 /* UIKit.framework */,
				848C341C18E699AD00CA1DD1 /* XCTest.framework */,
				D368D77C93A7427A852626F5 /* libPods.a */,
			);
			name = Frameworks;
			sourceTree = "<group>";
		};
		848C340918E699AD00CA1DD1 /* SmartSoles */ = {
			isa = PBXGroup;
			children = (
				84EE394518E880AB0094C355 /* FriendsScreen */,
				84EE393118E876280094C355 /* HomeScreen */,
				8D077AC518E7F530005F4740 /* GameOverScene */,
				84EE391A18E7D04A0094C355 /* GameScreen */,
				84EE38B218E77B300094C355 /* Utility */,
				84EE38AB18E76D3A0094C355 /* Model */,
				84EE38A018E750AA0094C355 /* ConnectScreen */,
				840C790818E6AFA200B4FFD1 /* HistoryScreen */,
				848C341218E699AD00CA1DD1 /* SSAppDelegate.h */,
				848C341318E699AD00CA1DD1 /* SSAppDelegate.m */,
				84EE38C218E78CAA0094C355 /* SSAppDelegate+MOC.h */,
				84EE38C318E78CAA0094C355 /* SSAppDelegate+MOC.m */,
				848C341518E699AD00CA1DD1 /* Images.xcassets */,
				848C340A18E699AD00CA1DD1 /* Supporting Files */,
			);
			path = SmartSoles;
			sourceTree = "<group>";
		};
		848C340A18E699AD00CA1DD1 /* Supporting Files */ = {
			isa = PBXGroup;
			children = (
				3FAC04001919C724003FFE52 /* grass2@2x.png */,
				3FA5D44B1919B9960033EDF1 /* background.png */,
				3FA5D44C1919B9960033EDF1 /* mountain.png */,
				3F42441419172E6E00C8BEE4 /* hurdle.png */,
				3FC55A3619171404006DAA41 /* templeLayer1@2x.png */,
				3FC55A3719171404006DAA41 /* templeLayer2@2x.png */,
				84EE395F18E8C70F0094C355 /* AppIcon.png */,
				84EE395D18E8C0BE0094C355 /* logo@2x.png */,
				3F42343818E8C48C007213B5 /* background-music-aac.caf */,
				3F42343618E8C482007213B5 /* woosh2.caf */,
				3F42343418E8C451007213B5 /* invisible.png */,
				84EE395B18E8BA630094C355 /* welcome.png */,
				84EE395918E8B93A0094C355 /* connect@2x.png */,
				84EE395718E8B8470094C355 /* stats@2x.png */,
				84EE395518E8B83D0094C355 /* play@2x.png */,
				84EE395318E8B82D0094C355 /* challenge@2x.png */,
				84EE393F18E8793D0094C355 /* friendsScreen1.png */,
				84EE394318E8797D0094C355 /* welcomeScreen.png */,
				84EE394118E879690094C355 /* splashScreen1.png */,
				84EE393D18E879260094C355 /* buttons.png */,
				84EE394D18E8A50B0094C355 /* ninja@2x.png */,
				84EE393918E879100094C355 /* avatars_brit copy.png */,
				84EE393A18E879100094C355 /* avatars_Matt copy.png */,
				84EE393718E878FB0094C355 /* avatars_alex.png */,
				84EE392F18E7E5150094C355 /* splashScreenBackground.png */,
				84EE392D18E7E24A0094C355 /* welcomeScreen1.png */,
				84EE392318E7D59C0094C355 /* SpriteKitSimpleGameResources */,
				848C340B18E699AD00CA1DD1 /* SmartSoles-Info.plist */,
				848C340C18E699AD00CA1DD1 /* InfoPlist.strings */,
				848C340F18E699AD00CA1DD1 /* main.m */,
				848C341118E699AD00CA1DD1 /* SmartSoles-Prefix.pch */,
			);
			name = "Supporting Files";
			sourceTree = "<group>";
		};
		848C342218E699AD00CA1DD1 /* SmartSolesTests */ = {
			isa = PBXGroup;
			children = (
				848C342818E699AD00CA1DD1 /* SmartSolesTests.m */,
				848C342318E699AD00CA1DD1 /* Supporting Files */,
			);
			path = SmartSolesTests;
			sourceTree = "<group>";
		};
		848C342318E699AD00CA1DD1 /* Supporting Files */ = {
			isa = PBXGroup;
			children = (
				848C342418E699AD00CA1DD1 /* SmartSolesTests-Info.plist */,
				848C342518E699AD00CA1DD1 /* InfoPlist.strings */,
			);
			name = "Supporting Files";
			sourceTree = "<group>";
		};
		84EE38A018E750AA0094C355 /* ConnectScreen */ = {
			isa = PBXGroup;
			children = (
				84EE38A118E750CE0094C355 /* SSConnectViewController.h */,
				84EE38A218E750CE0094C355 /* SSConnectViewController.m */,
				84EE38A318E750CE0094C355 /* SSConnectViewController.xib */,
			);
			name = ConnectScreen;
			sourceTree = "<group>";
		};
		84EE38A618E75C130094C355 /* BLE */ = {
			isa = PBXGroup;
			children = (
				84EE38A718E75C130094C355 /* BLE.h */,
				84EE38A818E75C130094C355 /* BLE.m */,
				84EE38A918E75C130094C355 /* BLEDefines.h */,
			);
			path = BLE;
			sourceTree = "<group>";
		};
		84EE38AB18E76D3A0094C355 /* Model */ = {
			isa = PBXGroup;
			children = (
				84EE38AF18E76DBD0094C355 /* SmartSolesModel.xcdatamodeld */,
				84EE38B918E7804B0094C355 /* User.h */,
				84EE38BA18E7804B0094C355 /* User.m */,
				84EE38BF18E784DA0094C355 /* User+Utility.h */,
				84EE38C018E784DA0094C355 /* User+Utility.m */,
				84EE38B618E7804B0094C355 /* Activity.h */,
				84EE38B718E7804B0094C355 /* Activity.m */,
				84EE38BC18E781DE0094C355 /* Activity+Utility.h */,
				84EE38BD18E781DE0094C355 /* Activity+Utility.m */,
			);
			name = Model;
			sourceTree = "<group>";
		};
		84EE38B218E77B300094C355 /* Utility */ = {
			isa = PBXGroup;
			children = (
				84EE38B318E77B640094C355 /* SSSession.h */,
				84EE38B418E77B640094C355 /* SSSession.m */,
				84EE38C518E7976F0094C355 /* SSDataFormulationAndSave.h */,
				84EE38C618E7976F0094C355 /* SSDataFormulationAndSave.m */,
			);
			name = Utility;
			sourceTree = "<group>";
		};
		84EE391A18E7D04A0094C355 /* GameScreen */ = {
			isa = PBXGroup;
			children = (
				3FAC0402191B121C003FFE52 /* NinjaImages.atlas */,
				3FC55A3E19172A3D006DAA41 /* NinjaJumpImages.atlas */,
				84EE391B18E7D3040094C355 /* SSGameViewController.h */,
				84EE391C18E7D3040094C355 /* SSGameViewController.m */,
				84EE391D18E7D3040094C355 /* SSGameViewController.xib */,
				84EE392018E7D3960094C355 /* SSMyScene.h */,
				84EE392118E7D3960094C355 /* SSMyScene.m */,
				8D077AC918E88DA3005F4740 /* SSScoreLabel.h */,
				8D077ACA18E88DA3005F4740 /* SSScoreLabel.m */,
			);
			name = GameScreen;
			sourceTree = "<group>";
		};
		84EE392318E7D59C0094C355 /* SpriteKitSimpleGameResources */ = {
			isa = PBXGroup;
			children = (
				84EE392418E7D59C0094C355 /* Sounds */,
				84EE392718E7D59C0094C355 /* sprites.atlas */,
			);
			path = SpriteKitSimpleGameResources;
			sourceTree = "<group>";
		};
		84EE392418E7D59C0094C355 /* Sounds */ = {
			isa = PBXGroup;
			children = (
				84EE392518E7D59C0094C355 /* background-music-aac.caf */,
				84EE392618E7D59C0094C355 /* pew-pew-lei.caf */,
			);
			path = Sounds;
			sourceTree = "<group>";
		};
		84EE393118E876280094C355 /* HomeScreen */ = {
			isa = PBXGroup;
			children = (
				84EE393218E876500094C355 /* SSHomeViewController.h */,
				84EE393318E876500094C355 /* SSHomeViewController.m */,
				84EE393418E876500094C355 /* SSHomeViewController.xib */,
			);
			name = HomeScreen;
			sourceTree = "<group>";
		};
		84EE394518E880AB0094C355 /* FriendsScreen */ = {
			isa = PBXGroup;
			children = (
				84EE394618E880CC0094C355 /* SSFriendsViewController.h */,
				84EE394718E880CC0094C355 /* SSFriendsViewController.m */,
				84EE394818E880CC0094C355 /* SSFriendsViewController.xib */,
			);
			name = FriendsScreen;
			sourceTree = "<group>";
		};
		8D077AC518E7F530005F4740 /* GameOverScene */ = {
			isa = PBXGroup;
			children = (
				8D077AC618E7F53F005F4740 /* SSGameOverScene.h */,
				8D077AC718E7F53F005F4740 /* SSGameOverScene.m */,
			);
			name = GameOverScene;
			sourceTree = "<group>";
		};
/* End PBXGroup section */

/* Begin PBXNativeTarget section */
		848C33FF18E699AD00CA1DD1 /* SmartSoles */ = {
			isa = PBXNativeTarget;
			buildConfigurationList = 848C342C18E699AD00CA1DD1 /* Build configuration list for PBXNativeTarget "SmartSoles" */;
			buildPhases = (
				F79B33B85ED942EF8D49077D /* Check Pods Manifest.lock */,
				848C33FC18E699AD00CA1DD1 /* Sources */,
				848C33FD18E699AD00CA1DD1 /* Frameworks */,
				848C33FE18E699AD00CA1DD1 /* Resources */,
				46D7F76B1B6344618D23E844 /* Copy Pods Resources */,
			);
			buildRules = (
			);
			dependencies = (
			);
			name = SmartSoles;
			productName = SmartSoles;
			productReference = 848C340018E699AD00CA1DD1 /* SmartSoles.app */;
			productType = "com.apple.product-type.application";
		};
		848C341A18E699AD00CA1DD1 /* SmartSolesTests */ = {
			isa = PBXNativeTarget;
			buildConfigurationList = 848C342F18E699AD00CA1DD1 /* Build configuration list for PBXNativeTarget "SmartSolesTests" */;
			buildPhases = (
				848C341718E699AD00CA1DD1 /* Sources */,
				848C341818E699AD00CA1DD1 /* Frameworks */,
				848C341918E699AD00CA1DD1 /* Resources */,
			);
			buildRules = (
			);
			dependencies = (
				848C342118E699AD00CA1DD1 /* PBXTargetDependency */,
			);
			name = SmartSolesTests;
			productName = SmartSolesTests;
			productReference = 848C341B18E699AD00CA1DD1 /* SmartSolesTests.xctest */;
			productType = "com.apple.product-type.bundle.unit-test";
		};
/* End PBXNativeTarget section */

/* Begin PBXProject section */
		848C33F818E699AD00CA1DD1 /* Project object */ = {
			isa = PBXProject;
			attributes = {
				CLASSPREFIX = SS;
				LastUpgradeCheck = 0510;
				ORGANIZATIONNAME = "Anupam Jindal";
				TargetAttributes = {
					848C33FF18E699AD00CA1DD1 = {
						DevelopmentTeam = Q2WYS66X7Y;
					};
					848C341A18E699AD00CA1DD1 = {
						TestTargetID = 848C33FF18E699AD00CA1DD1;
					};
				};
			};
			buildConfigurationList = 848C33FB18E699AD00CA1DD1 /* Build configuration list for PBXProject "SmartSoles" */;
			compatibilityVersion = "Xcode 3.2";
			developmentRegion = English;
			hasScannedForEncodings = 0;
			knownRegions = (
				en,
			);
			mainGroup = 848C33F718E699AD00CA1DD1;
			productRefGroup = 848C340118E699AD00CA1DD1 /* Products */;
			projectDirPath = "";
			projectRoot = "";
			targets = (
				848C33FF18E699AD00CA1DD1 /* SmartSoles */,
				848C341A18E699AD00CA1DD1 /* SmartSolesTests */,
			);
		};
/* End PBXProject section */

/* Begin PBXResourcesBuildPhase section */
		848C33FE18E699AD00CA1DD1 /* Resources */ = {
			isa = PBXResourcesBuildPhase;
			buildActionMask = 2147483647;
			files = (
				84EE392E18E7E24A0094C355 /* welcomeScreen1.png in Resources */,
				84EE394018E8793D0094C355 /* friendsScreen1.png in Resources */,
				84EE395418E8B82D0094C355 /* challenge@2x.png in Resources */,
				3F42343718E8C482007213B5 /* woosh2.caf in Resources */,
				84EE394418E8797D0094C355 /* welcomeScreen.png in Resources */,
				3F42343918E8C48C007213B5 /* background-music-aac.caf in Resources */,
				84EE392918E7D59C0094C355 /* pew-pew-lei.caf in Resources */,
				3F42343518E8C451007213B5 /* invisible.png in Resources */,
				3FAC0403191B121C003FFE52 /* NinjaImages.atlas in Resources */,
				84EE393E18E879260094C355 /* buttons.png in Resources */,
				84EE391F18E7D3040094C355 /* SSGameViewController.xib in Resources */,
				84EE393618E876510094C355 /* SSHomeViewController.xib in Resources */,
				84EE396018E8C70F0094C355 /* AppIcon.png in Resources */,
				84EE392A18E7D59C0094C355 /* sprites.atlas in Resources */,
				84EE394218E879690094C355 /* splashScreen1.png in Resources */,
				84EE394E18E8A50B0094C355 /* ninja@2x.png in Resources */,
				3FC55A3819171404006DAA41 /* templeLayer1@2x.png in Resources */,
				3FC55A3919171404006DAA41 /* templeLayer2@2x.png in Resources */,
				848C340E18E699AD00CA1DD1 /* InfoPlist.strings in Resources */,
				84EE395818E8B8470094C355 /* stats@2x.png in Resources */,
				84EE395E18E8C0BE0094C355 /* logo@2x.png in Resources */,
				84EE393018E7E5150094C355 /* splashScreenBackground.png in Resources */,
				84EE392818E7D59C0094C355 /* background-music-aac.caf in Resources */,
				84EE393C18E879100094C355 /* avatars_Matt copy.png in Resources */,
				84EE395A18E8B93A0094C355 /* connect@2x.png in Resources */,
				84EE394A18E880CC0094C355 /* SSFriendsViewController.xib in Resources */,
				840C790D18E6AFD400B4FFD1 /* SSHistoryViewController.xib in Resources */,
				3FAC04011919C724003FFE52 /* grass2@2x.png in Resources */,
				3FA5D44E1919B9960033EDF1 /* mountain.png in Resources */,
				84EE395C18E8BA630094C355 /* welcome.png in Resources */,
				3F42441519172E6E00C8BEE4 /* hurdle.png in Resources */,
				848C341618E699AD00CA1DD1 /* Images.xcassets in Resources */,
				84EE395618E8B83D0094C355 /* play@2x.png in Resources */,
				3FC55A3F19172A3D006DAA41 /* NinjaJumpImages.atlas in Resources */,
				3FA5D44D1919B9960033EDF1 /* background.png in Resources */,
				84EE393818E878FB0094C355 /* avatars_alex.png in Resources */,
				84EE393B18E879100094C355 /* avatars_brit copy.png in Resources */,
				84EE38A518E750CE0094C355 /* SSConnectViewController.xib in Resources */,
			);
			runOnlyForDeploymentPostprocessing = 0;
		};
		848C341918E699AD00CA1DD1 /* Resources */ = {
			isa = PBXResourcesBuildPhase;
			buildActionMask = 2147483647;
			files = (
				848C342718E699AD00CA1DD1 /* InfoPlist.strings in Resources */,
			);
			runOnlyForDeploymentPostprocessing = 0;
		};
/* End PBXResourcesBuildPhase section */

/* Begin PBXShellScriptBuildPhase section */
		46D7F76B1B6344618D23E844 /* Copy Pods Resources */ = {
			isa = PBXShellScriptBuildPhase;
			buildActionMask = 2147483647;
			files = (
			);
			inputPaths = (
			);
			name = "Copy Pods Resources";
			outputPaths = (
			);
			runOnlyForDeploymentPostprocessing = 0;
			shellPath = /bin/sh;
			shellScript = "\"${SRCROOT}/Pods/Pods-resources.sh\"\n";
			showEnvVarsInLog = 0;
		};
		F79B33B85ED942EF8D49077D /* Check Pods Manifest.lock */ = {
			isa = PBXShellScriptBuildPhase;
			buildActionMask = 2147483647;
			files = (
			);
			inputPaths = (
			);
			name = "Check Pods Manifest.lock";
			outputPaths = (
			);
			runOnlyForDeploymentPostprocessing = 0;
			shellPath = /bin/sh;
			shellScript = "diff \"${PODS_ROOT}/../Podfile.lock\" \"${PODS_ROOT}/Manifest.lock\" > /dev/null\nif [[ $? != 0 ]] ; then\n    cat << EOM\nerror: The sandbox is not in sync with the Podfile.lock. Run 'pod install' or update your CocoaPods installation.\nEOM\n    exit 1\nfi\n";
			showEnvVarsInLog = 0;
		};
/* End PBXShellScriptBuildPhase section */

/* Begin PBXSourcesBuildPhase section */
		848C33FC18E699AD00CA1DD1 /* Sources */ = {
			isa = PBXSourcesBuildPhase;
			buildActionMask = 2147483647;
			files = (
				84EE393518E876500094C355 /* SSHomeViewController.m in Sources */,
				84EE391E18E7D3040094C355 /* SSGameViewController.m in Sources */,
				84EE392218E7D3960094C355 /* SSMyScene.m in Sources */,
				84EE38B518E77B640094C355 /* SSSession.m in Sources */,
				84EE38C718E7976F0094C355 /* SSDataFormulationAndSave.m in Sources */,
				84EE38BE18E781DE0094C355 /* Activity+Utility.m in Sources */,
				84EE38B118E76DBD0094C355 /* SmartSolesModel.xcdatamodeld in Sources */,
				8D077AC818E7F53F005F4740 /* SSGameOverScene.m in Sources */,
				84EE38BB18E7804B0094C355 /* User.m in Sources */,
				84EE38B818E7804B0094C355 /* Activity.m in Sources */,
				848C341418E699AD00CA1DD1 /* SSAppDelegate.m in Sources */,
				84EE38C418E78CAA0094C355 /* SSAppDelegate+MOC.m in Sources */,
				8D077ACB18E88DA3005F4740 /* SSScoreLabel.m in Sources */,
				840C790C18E6AFD400B4FFD1 /* SSHistoryViewController.m in Sources */,
				84EE38C118E784DA0094C355 /* User+Utility.m in Sources */,
				84EE394918E880CC0094C355 /* SSFriendsViewController.m in Sources */,
				84EE38A418E750CE0094C355 /* SSConnectViewController.m in Sources */,
				84EE38AA18E75C130094C355 /* BLE.m in Sources */,
				848C341018E699AD00CA1DD1 /* main.m in Sources */,
			);
			runOnlyForDeploymentPostprocessing = 0;
		};
		848C341718E699AD00CA1DD1 /* Sources */ = {
			isa = PBXSourcesBuildPhase;
			buildActionMask = 2147483647;
			files = (
				848C342918E699AD00CA1DD1 /* SmartSolesTests.m in Sources */,
			);
			runOnlyForDeploymentPostprocessing = 0;
		};
/* End PBXSourcesBuildPhase section */

/* Begin PBXTargetDependency section */
		848C342118E699AD00CA1DD1 /* PBXTargetDependency */ = {
			isa = PBXTargetDependency;
			target = 848C33FF18E699AD00CA1DD1 /* SmartSoles */;
			targetProxy = 848C342018E699AD00CA1DD1 /* PBXContainerItemProxy */;
		};
/* End PBXTargetDependency section */

/* Begin PBXVariantGroup section */
		848C340C18E699AD00CA1DD1 /* InfoPlist.strings */ = {
			isa = PBXVariantGroup;
			children = (
				848C340D18E699AD00CA1DD1 /* en */,
			);
			name = InfoPlist.strings;
			sourceTree = "<group>";
		};
		848C342518E699AD00CA1DD1 /* InfoPlist.strings */ = {
			isa = PBXVariantGroup;
			children = (
				848C342618E699AD00CA1DD1 /* en */,
			);
			name = InfoPlist.strings;
			sourceTree = "<group>";
		};
/* End PBXVariantGroup section */

/* Begin XCBuildConfiguration section */
		848C342A18E699AD00CA1DD1 /* Debug */ = {
			isa = XCBuildConfiguration;
			buildSettings = {
				ALWAYS_SEARCH_USER_PATHS = NO;
				CLANG_CXX_LANGUAGE_STANDARD = "gnu++0x";
				CLANG_CXX_LIBRARY = "libc++";
				CLANG_ENABLE_MODULES = YES;
				CLANG_ENABLE_OBJC_ARC = YES;
				CLANG_WARN_BOOL_CONVERSION = YES;
				CLANG_WARN_CONSTANT_CONVERSION = YES;
				CLANG_WARN_DIRECT_OBJC_ISA_USAGE = YES_ERROR;
				CLANG_WARN_EMPTY_BODY = YES;
				CLANG_WARN_ENUM_CONVERSION = YES;
				CLANG_WARN_INT_CONVERSION = YES;
				CLANG_WARN_OBJC_ROOT_CLASS = YES_ERROR;
				CLANG_WARN__DUPLICATE_METHOD_MATCH = YES;
				CODE_SIGN_IDENTITY = "iPhone Developer: Niladri Bora (68STF4X8AN)";
				"CODE_SIGN_IDENTITY[sdk=iphoneos*]" = "iPhone Developer: Niladri Bora (68STF4X8AN)";
				COPY_PHASE_STRIP = NO;
				GCC_C_LANGUAGE_STANDARD = gnu99;
				GCC_DYNAMIC_NO_PIC = NO;
				GCC_OPTIMIZATION_LEVEL = 0;
				GCC_PREPROCESSOR_DEFINITIONS = (
					"DEBUG=1",
					"$(inherited)",
				);
				GCC_SYMBOLS_PRIVATE_EXTERN = NO;
				GCC_WARN_64_TO_32_BIT_CONVERSION = YES;
				GCC_WARN_ABOUT_RETURN_TYPE = YES_ERROR;
				GCC_WARN_UNDECLARED_SELECTOR = YES;
				GCC_WARN_UNINITIALIZED_AUTOS = YES_AGGRESSIVE;
				GCC_WARN_UNUSED_FUNCTION = YES;
				GCC_WARN_UNUSED_VARIABLE = YES;
				IPHONEOS_DEPLOYMENT_TARGET = 7.1;
				ONLY_ACTIVE_ARCH = YES;
				PROVISIONING_PROFILE = "91D0D492-F58A-479C-8D1D-1C8FA6875498";
				SDKROOT = iphoneos;
			};
			name = Debug;
		};
		848C342B18E699AD00CA1DD1 /* Release */ = {
			isa = XCBuildConfiguration;
			buildSettings = {
				ALWAYS_SEARCH_USER_PATHS = NO;
				CLANG_CXX_LANGUAGE_STANDARD = "gnu++0x";
				CLANG_CXX_LIBRARY = "libc++";
				CLANG_ENABLE_MODULES = YES;
				CLANG_ENABLE_OBJC_ARC = YES;
				CLANG_WARN_BOOL_CONVERSION = YES;
				CLANG_WARN_CONSTANT_CONVERSION = YES;
				CLANG_WARN_DIRECT_OBJC_ISA_USAGE = YES_ERROR;
				CLANG_WARN_EMPTY_BODY = YES;
				CLANG_WARN_ENUM_CONVERSION = YES;
				CLANG_WARN_INT_CONVERSION = YES;
				CLANG_WARN_OBJC_ROOT_CLASS = YES_ERROR;
				CLANG_WARN__DUPLICATE_METHOD_MATCH = YES;
				CODE_SIGN_IDENTITY = "iPhone Developer: Niladri Bora (68STF4X8AN)";
				"CODE_SIGN_IDENTITY[sdk=iphoneos*]" = "iPhone Developer: Niladri Bora (68STF4X8AN)";
				COPY_PHASE_STRIP = YES;
				ENABLE_NS_ASSERTIONS = NO;
				GCC_C_LANGUAGE_STANDARD = gnu99;
				GCC_WARN_64_TO_32_BIT_CONVERSION = YES;
				GCC_WARN_ABOUT_RETURN_TYPE = YES_ERROR;
				GCC_WARN_UNDECLARED_SELECTOR = YES;
				GCC_WARN_UNINITIALIZED_AUTOS = YES_AGGRESSIVE;
				GCC_WARN_UNUSED_FUNCTION = YES;
				GCC_WARN_UNUSED_VARIABLE = YES;
				IPHONEOS_DEPLOYMENT_TARGET = 7.1;
				PROVISIONING_PROFILE = "91D0D492-F58A-479C-8D1D-1C8FA6875498";
				SDKROOT = iphoneos;
				VALIDATE_PRODUCT = YES;
			};
			name = Release;
		};
		848C342D18E699AD00CA1DD1 /* Debug */ = {
			isa = XCBuildConfiguration;
			baseConfigurationReference = EECBCE80CD3A4407B8FEDF1E /* Pods.xcconfig */;
			buildSettings = {
				ASSETCATALOG_COMPILER_APPICON_NAME = AppIcon;
				ASSETCATALOG_COMPILER_LAUNCHIMAGE_NAME = LaunchImage;
				CODE_SIGN_IDENTITY = "iPhone Developer: Niladri Bora (68STF4X8AN)";
				"CODE_SIGN_IDENTITY[sdk=iphoneos*]" = "iPhone Developer: Niladri Bora (68STF4X8AN)";
				FRAMEWORK_SEARCH_PATHS = (
					"$(inherited)",
					"$(PROJECT_DIR)",
				);
				GCC_PRECOMPILE_PREFIX_HEADER = YES;
				GCC_PREFIX_HEADER = "SmartSoles/SmartSoles-Prefix.pch";
				INFOPLIST_FILE = "SmartSoles/SmartSoles-Info.plist";
				PRODUCT_NAME = "$(TARGET_NAME)";
				PROVISIONING_PROFILE = "91D0D492-F58A-479C-8D1D-1C8FA6875498";
				SPRITEKIT_TEXTURE_ATLAS_OUTPUT = YES;
				WRAPPER_EXTENSION = app;
			};
			name = Debug;
		};
		848C342E18E699AD00CA1DD1 /* Release */ = {
			isa = XCBuildConfiguration;
			baseConfigurationReference = EECBCE80CD3A4407B8FEDF1E /* Pods.xcconfig */;
			buildSettings = {
				ASSETCATALOG_COMPILER_APPICON_NAME = AppIcon;
				ASSETCATALOG_COMPILER_LAUNCHIMAGE_NAME = LaunchImage;
				CODE_SIGN_IDENTITY = "iPhone Developer: Niladri Bora (68STF4X8AN)";
				"CODE_SIGN_IDENTITY[sdk=iphoneos*]" = "iPhone Developer: Niladri Bora (68STF4X8AN)";
				FRAMEWORK_SEARCH_PATHS = (
					"$(inherited)",
					"$(PROJECT_DIR)",
				);
				GCC_PRECOMPILE_PREFIX_HEADER = YES;
				GCC_PREFIX_HEADER = "SmartSoles/SmartSoles-Prefix.pch";
				INFOPLIST_FILE = "SmartSoles/SmartSoles-Info.plist";
				PRODUCT_NAME = "$(TARGET_NAME)";
				PROVISIONING_PROFILE = "91D0D492-F58A-479C-8D1D-1C8FA6875498";
				SPRITEKIT_TEXTURE_ATLAS_OUTPUT = YES;
				WRAPPER_EXTENSION = app;
			};
			name = Release;
		};
		848C343018E699AD00CA1DD1 /* Debug */ = {
			isa = XCBuildConfiguration;
			buildSettings = {
				BUNDLE_LOADER = "$(BUILT_PRODUCTS_DIR)/SmartSoles.app/SmartSoles";
				FRAMEWORK_SEARCH_PATHS = (
					"$(SDKROOT)/Developer/Library/Frameworks",
					"$(inherited)",
					"$(DEVELOPER_FRAMEWORKS_DIR)",
				);
				GCC_PRECOMPILE_PREFIX_HEADER = YES;
				GCC_PREFIX_HEADER = "SmartSoles/SmartSoles-Prefix.pch";
				GCC_PREPROCESSOR_DEFINITIONS = (
					"DEBUG=1",
					"$(inherited)",
				);
				INFOPLIST_FILE = "SmartSolesTests/SmartSolesTests-Info.plist";
				PRODUCT_NAME = "$(TARGET_NAME)";
				TEST_HOST = "$(BUNDLE_LOADER)";
				WRAPPER_EXTENSION = xctest;
			};
			name = Debug;
		};
		848C343118E699AD00CA1DD1 /* Release */ = {
			isa = XCBuildConfiguration;
			buildSettings = {
				BUNDLE_LOADER = "$(BUILT_PRODUCTS_DIR)/SmartSoles.app/SmartSoles";
				FRAMEWORK_SEARCH_PATHS = (
					"$(SDKROOT)/Developer/Library/Frameworks",
					"$(inherited)",
					"$(DEVELOPER_FRAMEWORKS_DIR)",
				);
				GCC_PRECOMPILE_PREFIX_HEADER = YES;
				GCC_PREFIX_HEADER = "SmartSoles/SmartSoles-Prefix.pch";
				INFOPLIST_FILE = "SmartSolesTests/SmartSolesTests-Info.plist";
				PRODUCT_NAME = "$(TARGET_NAME)";
				TEST_HOST = "$(BUNDLE_LOADER)";
				WRAPPER_EXTENSION = xctest;
			};
			name = Release;
		};
/* End XCBuildConfiguration section */

/* Begin XCConfigurationList section */
		848C33FB18E699AD00CA1DD1 /* Build configuration list for PBXProject "SmartSoles" */ = {
			isa = XCConfigurationList;
			buildConfigurations = (
				848C342A18E699AD00CA1DD1 /* Debug */,
				848C342B18E699AD00CA1DD1 /* Release */,
			);
			defaultConfigurationIsVisible = 0;
			defaultConfigurationName = Release;
		};
		848C342C18E699AD00CA1DD1 /* Build configuration list for PBXNativeTarget "SmartSoles" */ = {
			isa = XCConfigurationList;
			buildConfigurations = (
				848C342D18E699AD00CA1DD1 /* Debug */,
				848C342E18E699AD00CA1DD1 /* Release */,
			);
			defaultConfigurationIsVisible = 0;
			defaultConfigurationName = Release;
		};
		848C342F18E699AD00CA1DD1 /* Build configuration list for PBXNativeTarget "SmartSolesTests" */ = {
			isa = XCConfigurationList;
			buildConfigurations = (
				848C343018E699AD00CA1DD1 /* Debug */,
				848C343118E699AD00CA1DD1 /* Release */,
			);
			defaultConfigurationIsVisible = 0;
			defaultConfigurationName = Release;
		};
/* End XCConfigurationList section */

/* Begin XCVersionGroup section */
		84EE38AF18E76DBD0094C355 /* SmartSolesModel.xcdatamodeld */ = {
			isa = XCVersionGroup;
			children = (
				84EE38B018E76DBD0094C355 /* SmartSolesModel.xcdatamodel */,
			);
			currentVersion = 84EE38B018E76DBD0094C355 /* SmartSolesModel.xcdatamodel */;
			path = SmartSolesModel.xcdatamodeld;
			sourceTree = "<group>";
			versionGroupType = wrapper.xcdatamodel;
		};
/* End XCVersionGroup section */
	};
	rootObject = 848C33F818E699AD00CA1DD1 /* Project object */;
}
